
Microsoft Visual Studio Solution File, Format Version 12.00
# Visual Studio Version 16
VisualStudioVersion = 16.0.30804.86
MinimumVisualStudioVersion = 10.0.40219.1
Project("{8BC9CEB8-8B4A-11D0-8D11-00A0C91BC942}") = "MiniFramework", "MiniFramework\MiniFramework.vcxproj", "{CAF49CF4-5961-4DF9-A888-C05332C795E6}"
	ProjectSection(ProjectDependencies) = postProject
		{4F335546-ECB9-4524-9F74-42368DFB3379} = {4F335546-ECB9-4524-9F74-42368DFB3379}
		{ECB14954-8953-4C2A-8E5F-08B688CB180E} = {ECB14954-8953-4C2A-8E5F-08B688CB180E}
		{9EF5EE5B-A7DC-4DFC-B496-2E726AC8D1E1} = {9EF5EE5B-A7DC-4DFC-B496-2E726AC8D1E1}
		{B4E47686-8435-4019-8566-709D1EA9D9BC} = {B4E47686-8435-4019-8566-709D1EA9D9BC}
		{A387D9B5-595B-4923-9341-9569610608B8} = {A387D9B5-595B-4923-9341-9569610608B8}
		{B264CEEA-F6C5-4F8F-856F-0C656DE41486} = {B264CEEA-F6C5-4F8F-856F-0C656DE41486}
	EndProjectSection
EndProject
Project("{8BC9CEB8-8B4A-11D0-8D11-00A0C91BC942}") = "DuiLib", "DuiLib\DuiLib.vcxproj", "{A387D9B5-595B-4923-9341-9569610608B8}"
EndProject
Project("{8BC9CEB8-8B4A-11D0-8D11-00A0C91BC942}") = "zlib", "zlib\zlib.vcxproj", "{9EF5EE5B-A7DC-4DFC-B496-2E726AC8D1E1}"
EndProject
Project("{8BC9CEB8-8B4A-11D0-8D11-00A0C91BC942}") = "MiniBlink", "MiniBlink\MiniBlink.vcxproj", "{4F335546-ECB9-4524-9F74-42368DFB3379}"
EndProject
Project("{8BC9CEB8-8B4A-11D0-8D11-00A0C91BC942}") = "SQLite", "SQLite\SQLite.vcxproj", "{B264CEEA-F6C5-4F8F-856F-0C656DE41486}"
EndProject
Project("{8BC9CEB8-8B4A-11D0-8D11-00A0C91BC942}") = "uWebSockets", "uWebSockets\uWebSockets.vcxproj", "{B4E47686-8435-4019-8566-709D1EA9D9BC}"
EndProject
Project("{8BC9CEB8-8B4A-11D0-8D11-00A0C91BC942}") = "minizip", "minizip\minizip.vcxproj", "{ECB14954-8953-4C2A-8E5F-08B688CB180E}"
EndProject
Project("{8BC9CEB8-8B4A-11D0-8D11-00A0C91BC942}") = "libmicrohttpd", "libmicrohttpd-0.9.72\w32\VS2019\libmicrohttpd.vcxproj", "{9CFB0342-A9E7-483E-BEE5-A1DE22584C5A}"
EndProject
Global
	GlobalSection(SolutionConfigurationPlatforms) = preSolution
		Debug|x64 = Debug|x64
		Debug|x86 = Debug|x86
		Debug-dll|x64 = Debug-dll|x64
		Debug-dll|x86 = Debug-dll|x86
		Debug-static|x64 = Debug-static|x64
		Debug-static|x86 = Debug-static|x86
		Release|x64 = Release|x64
		Release|x86 = Release|x86
		Release-dll|x64 = Release-dll|x64
		Release-dll|x86 = Release-dll|x86
		Release-static|x64 = Release-static|x64
		Release-static|x86 = Release-static|x86
	EndGlobalSection
	GlobalSection(ProjectConfigurationPlatforms) = postSolution
		{CAF49CF4-5961-4DF9-A888-C05332C795E6}.Debug|x64.ActiveCfg = Debug|x64
		{CAF49CF4-5961-4DF9-A888-C05332C795E6}.Debug|x64.Build.0 = Debug|x64
		{CAF49CF4-5961-4DF9-A888-C05332C795E6}.Debug|x86.ActiveCfg = Debug|Win32
		{CAF49CF4-5961-4DF9-A888-C05332C795E6}.Debug|x86.Build.0 = Debug|Win32
		{CAF49CF4-5961-4DF9-A888-C05332C795E6}.Debug-dll|x64.ActiveCfg = Debug|x64
		{CAF49CF4-5961-4DF9-A888-C05332C795E6}.Debug-dll|x64.Build.0 = Debug|x64
		{CAF49CF4-5961-4DF9-A888-C05332C795E6}.Debug-dll|x86.ActiveCfg = Debug|Win32
		{CAF49CF4-5961-4DF9-A888-C05332C795E6}.Debug-dll|x86.Build.0 = Debug|Win32
		{CAF49CF4-5961-4DF9-A888-C05332C795E6}.Debug-static|x64.ActiveCfg = Debug|x64
		{CAF49CF4-5961-4DF9-A888-C05332C795E6}.Debug-static|x64.Build.0 = Debug|x64
		{CAF49CF4-5961-4DF9-A888-C05332C795E6}.Debug-static|x86.ActiveCfg = Debug|Win32
		{CAF49CF4-5961-4DF9-A888-C05332C795E6}.Debug-static|x86.Build.0 = Debug|Win32
		{CAF49CF4-5961-4DF9-A888-C05332C795E6}.Release|x64.ActiveCfg = Release|x64
		{CAF49CF4-5961-4DF9-A888-C05332C795E6}.Release|x64.Build.0 = Release|x64
		{CAF49CF4-5961-4DF9-A888-C05332C795E6}.Release|x86.ActiveCfg = Release|Win32
		{CAF49CF4-5961-4DF9-A888-C05332C795E6}.Release|x86.Build.0 = Release|Win32
		{CAF49CF4-5961-4DF9-A888-C05332C795E6}.Release-dll|x64.ActiveCfg = Release|x64
		{CAF49CF4-5961-4DF9-A888-C05332C795E6}.Release-dll|x64.Build.0 = Release|x64
		{CAF49CF4-5961-4DF9-A888-C05332C795E6}.Release-dll|x86.ActiveCfg = Release|Win32
		{CAF49CF4-5961-4DF9-A888-C05332C795E6}.Release-dll|x86.Build.0 = Release|Win32
		{CAF49CF4-5961-4DF9-A888-C05332C795E6}.Release-static|x64.ActiveCfg = Release|x64
		{CAF49CF4-5961-4DF9-A888-C05332C795E6}.Release-static|x64.Build.0 = Release|x64
		{CAF49CF4-5961-4DF9-A888-C05332C795E6}.Release-static|x86.ActiveCfg = Release|Win32
		{CAF49CF4-5961-4DF9-A888-C05332C795E6}.Release-static|x86.Build.0 = Release|Win32
		{A387D9B5-595B-4923-9341-9569610608B8}.Debug|x64.ActiveCfg = Debug|x64
		{A387D9B5-595B-4923-9341-9569610608B8}.Debug|x64.Build.0 = Debug|x64
		{A387D9B5-595B-4923-9341-9569610608B8}.Debug|x86.ActiveCfg = Debug|Win32
		{A387D9B5-595B-4923-9341-9569610608B8}.Debug|x86.Build.0 = Debug|Win32
		{A387D9B5-595B-4923-9341-9569610608B8}.Debug-dll|x64.ActiveCfg = Debug|x64
		{A387D9B5-595B-4923-9341-9569610608B8}.Debug-dll|x64.Build.0 = Debug|x64
		{A387D9B5-595B-4923-9341-9569610608B8}.Debug-dll|x86.ActiveCfg = Debug|Win32
		{A387D9B5-595B-4923-9341-9569610608B8}.Debug-dll|x86.Build.0 = Debug|Win32
		{A387D9B5-595B-4923-9341-9569610608B8}.Debug-static|x64.ActiveCfg = Debug|x64
		{A387D9B5-595B-4923-9341-9569610608B8}.Debug-static|x64.Build.0 = Debug|x64
		{A387D9B5-595B-4923-9341-9569610608B8}.Debug-static|x86.ActiveCfg = Debug|Win32
		{A387D9B5-595B-4923-9341-9569610608B8}.Debug-static|x86.Build.0 = Debug|Win32
		{A387D9B5-595B-4923-9341-9569610608B8}.Release|x64.ActiveCfg = Release|x64
		{A387D9B5-595B-4923-9341-9569610608B8}.Release|x64.Build.0 = Release|x64
		{A387D9B5-595B-4923-9341-9569610608B8}.Release|x86.ActiveCfg = Release|Win32
		{A387D9B5-595B-4923-9341-9569610608B8}.Release|x86.Build.0 = Release|Win32
		{A387D9B5-595B-4923-9341-9569610608B8}.Release-dll|x64.ActiveCfg = Release|x64
		{A387D9B5-595B-4923-9341-9569610608B8}.Release-dll|x64.Build.0 = Release|x64
		{A387D9B5-595B-4923-9341-9569610608B8}.Release-dll|x86.ActiveCfg = Release|Win32
		{A387D9B5-595B-4923-9341-9569610608B8}.Release-dll|x86.Build.0 = Release|Win32
		{A387D9B5-595B-4923-9341-9569610608B8}.Release-static|x64.ActiveCfg = Release|x64
		{A387D9B5-595B-4923-9341-9569610608B8}.Release-static|x64.Build.0 = Release|x64
		{A387D9B5-595B-4923-9341-9569610608B8}.Release-static|x86.ActiveCfg = Release|Win32
		{A387D9B5-595B-4923-9341-9569610608B8}.Release-static|x86.Build.0 = Release|Win32
		{9EF5EE5B-A7DC-4DFC-B496-2E726AC8D1E1}.Debug|x64.ActiveCfg = Debug|x64
		{9EF5EE5B-A7DC-4DFC-B496-2E726AC8D1E1}.Debug|x64.Build.0 = Debug|x64
		{9EF5EE5B-A7DC-4DFC-B496-2E726AC8D1E1}.Debug|x86.ActiveCfg = Debug|Win32
		{9EF5EE5B-A7DC-4DFC-B496-2E726AC8D1E1}.Debug|x86.Build.0 = Debug|Win32
		{9EF5EE5B-A7DC-4DFC-B496-2E726AC8D1E1}.Debug-dll|x64.ActiveCfg = Debug|x64
		{9EF5EE5B-A7DC-4DFC-B496-2E726AC8D1E1}.Debug-dll|x64.Build.0 = Debug|x64
		{9EF5EE5B-A7DC-4DFC-B496-2E726AC8D1E1}.Debug-dll|x86.ActiveCfg = Debug|Win32
		{9EF5EE5B-A7DC-4DFC-B496-2E726AC8D1E1}.Debug-dll|x86.Build.0 = Debug|Win32
		{9EF5EE5B-A7DC-4DFC-B496-2E726AC8D1E1}.Debug-static|x64.ActiveCfg = Debug|x64
		{9EF5EE5B-A7DC-4DFC-B496-2E726AC8D1E1}.Debug-static|x64.Build.0 = Debug|x64
		{9EF5EE5B-A7DC-4DFC-B496-2E726AC8D1E1}.Debug-static|x86.ActiveCfg = Debug|Win32
		{9EF5EE5B-A7DC-4DFC-B496-2E726AC8D1E1}.Debug-static|x86.Build.0 = Debug|Win32
		{9EF5EE5B-A7DC-4DFC-B496-2E726AC8D1E1}.Release|x64.ActiveCfg = Release|x64
		{9EF5EE5B-A7DC-4DFC-B496-2E726AC8D1E1}.Release|x64.Build.0 = Release|x64
		{9EF5EE5B-A7DC-4DFC-B496-2E726AC8D1E1}.Release|x86.ActiveCfg = Release|Win32
		{9EF5EE5B-A7DC-4DFC-B496-2E726AC8D1E1}.Release|x86.Build.0 = Release|Win32
		{9EF5EE5B-A7DC-4DFC-B496-2E726AC8D1E1}.Release-dll|x64.ActiveCfg = Release|x64
		{9EF5EE5B-A7DC-4DFC-B496-2E726AC8D1E1}.Release-dll|x64.Build.0 = Release|x64
		{9EF5EE5B-A7DC-4DFC-B496-2E726AC8D1E1}.Release-dll|x86.ActiveCfg = Release|Win32
		{9EF5EE5B-A7DC-4DFC-B496-2E726AC8D1E1}.Release-dll|x86.Build.0 = Release|Win32
		{9EF5EE5B-A7DC-4DFC-B496-2E726AC8D1E1}.Release-static|x64.ActiveCfg = Release|x64
		{9EF5EE5B-A7DC-4DFC-B496-2E726AC8D1E1}.Release-static|x64.Build.0 = Release|x64
		{9EF5EE5B-A7DC-4DFC-B496-2E726AC8D1E1}.Release-static|x86.ActiveCfg = Release|Win32
		{9EF5EE5B-A7DC-4DFC-B496-2E726AC8D1E1}.Release-static|x86.Build.0 = Release|Win32
		{4F335546-ECB9-4524-9F74-42368DFB3379}.Debug|x64.ActiveCfg = Debug|x64
		{4F335546-ECB9-4524-9F74-42368DFB3379}.Debug|x64.Build.0 = Debug|x64
		{4F335546-ECB9-4524-9F74-42368DFB3379}.Debug|x86.ActiveCfg = Debug|Win32
		{4F335546-ECB9-4524-9F74-42368DFB3379}.Debug|x86.Build.0 = Debug|Win32
		{4F335546-ECB9-4524-9F74-42368DFB3379}.Debug-dll|x64.ActiveCfg = Debug|x64
		{4F335546-ECB9-4524-9F74-42368DFB3379}.Debug-dll|x64.Build.0 = Debug|x64
		{4F335546-ECB9-4524-9F74-42368DFB3379}.Debug-dll|x86.ActiveCfg = Debug|Win32
		{4F335546-ECB9-4524-9F74-42368DFB3379}.Debug-dll|x86.Build.0 = Debug|Win32
		{4F335546-ECB9-4524-9F74-42368DFB3379}.Debug-static|x64.ActiveCfg = Debug|x64
		{4F335546-ECB9-4524-9F74-42368DFB3379}.Debug-static|x64.Build.0 = Debug|x64
		{4F335546-ECB9-4524-9F74-42368DFB3379}.Debug-static|x86.ActiveCfg = Debug|Win32
		{4F335546-ECB9-4524-9F74-42368DFB3379}.Debug-static|x86.Build.0 = Debug|Win32
		{4F335546-ECB9-4524-9F74-42368DFB3379}.Release|x64.ActiveCfg = Release|x64
		{4F335546-ECB9-4524-9F74-42368DFB3379}.Release|x64.Build.0 = Release|x64
		{4F335546-ECB9-4524-9F74-42368DFB3379}.Release|x86.ActiveCfg = Release|Win32
		{4F335546-ECB9-4524-9F74-42368DFB3379}.Release|x86.Build.0 = Release|Win32
		{4F335546-ECB9-4524-9F74-42368DFB3379}.Release-dll|x64.ActiveCfg = Release|x64
		{4F335546-ECB9-4524-9F74-42368DFB3379}.Release-dll|x64.Build.0 = Release|x64
		{4F335546-ECB9-4524-9F74-42368DFB3379}.Release-dll|x86.ActiveCfg = Release|Win32
		{4F335546-ECB9-4524-9F74-42368DFB3379}.Release-dll|x86.Build.0 = Release|Win32
		{4F335546-ECB9-4524-9F74-42368DFB3379}.Release-static|x64.ActiveCfg = Release|x64
		{4F335546-ECB9-4524-9F74-42368DFB3379}.Release-static|x64.Build.0 = Release|x64
		{4F335546-ECB9-4524-9F74-42368DFB3379}.Release-static|x86.ActiveCfg = Release|Win32
		{4F335546-ECB9-4524-9F74-42368DFB3379}.Release-static|x86.Build.0 = Release|Win32
		{B264CEEA-F6C5-4F8F-856F-0C656DE41486}.Debug|x64.ActiveCfg = Debug|x64
		{B264CEEA-F6C5-4F8F-856F-0C656DE41486}.Debug|x64.Build.0 = Debug|x64
		{B264CEEA-F6C5-4F8F-856F-0C656DE41486}.Debug|x86.ActiveCfg = Debug|Win32
		{B264CEEA-F6C5-4F8F-856F-0C656DE41486}.Debug|x86.Build.0 = Debug|Win32
		{B264CEEA-F6C5-4F8F-856F-0C656DE41486}.Debug-dll|x64.ActiveCfg = Debug|x64
		{B264CEEA-F6C5-4F8F-856F-0C656DE41486}.Debug-dll|x64.Build.0 = Debug|x64
		{B264CEEA-F6C5-4F8F-856F-0C656DE41486}.Debug-dll|x86.ActiveCfg = Debug|Win32
		{B264CEEA-F6C5-4F8F-856F-0C656DE41486}.Debug-dll|x86.Build.0 = Debug|Win32
		{B264CEEA-F6C5-4F8F-856F-0C656DE41486}.Debug-static|x64.ActiveCfg = Debug|x64
		{B264CEEA-F6C5-4F8F-856F-0C656DE41486}.Debug-static|x64.Build.0 = Debug|x64
		{B264CEEA-F6C5-4F8F-856F-0C656DE41486}.Debug-static|x86.ActiveCfg = Debug|Win32
		{B264CEEA-F6C5-4F8F-856F-0C656DE41486}.Debug-static|x86.Build.0 = Debug|Win32
		{B264CEEA-F6C5-4F8F-856F-0C656DE41486}.Release|x64.ActiveCfg = Release|x64
		{B264CEEA-F6C5-4F8F-856F-0C656DE41486}.Release|x64.Build.0 = Release|x64
		{B264CEEA-F6C5-4F8F-856F-0C656DE41486}.Release|x86.ActiveCfg = Release|Win32
		{B264CEEA-F6C5-4F8F-856F-0C656DE41486}.Release|x86.Build.0 = Release|Win32
		{B264CEEA-F6C5-4F8F-856F-0C656DE41486}.Release-dll|x64.ActiveCfg = Release|x64
		{B264CEEA-F6C5-4F8F-856F-0C656DE41486}.Release-dll|x64.Build.0 = Release|x64
		{B264CEEA-F6C5-4F8F-856F-0C656DE41486}.Release-dll|x86.ActiveCfg = Release|Win32
		{B264CEEA-F6C5-4F8F-856F-0C656DE41486}.Release-dll|x86.Build.0 = Release|Win32
		{B264CEEA-F6C5-4F8F-856F-0C656DE41486}.Release-static|x64.ActiveCfg = Release|x64
		{B264CEEA-F6C5-4F8F-856F-0C656DE41486}.Release-static|x64.Build.0 = Release|x64
		{B264CEEA-F6C5-4F8F-856F-0C656DE41486}.Release-static|x86.ActiveCfg = Release|Win32
		{B264CEEA-F6C5-4F8F-856F-0C656DE41486}.Release-static|x86.Build.0 = Release|Win32
		{B4E47686-8435-4019-8566-709D1EA9D9BC}.Debug|x64.ActiveCfg = Debug|x64
		{B4E47686-8435-4019-8566-709D1EA9D9BC}.Debug|x64.Build.0 = Debug|x64
		{B4E47686-8435-4019-8566-709D1EA9D9BC}.Debug|x86.ActiveCfg = Debug|Win32
		{B4E47686-8435-4019-8566-709D1EA9D9BC}.Debug|x86.Build.0 = Debug|Win32
		{B4E47686-8435-4019-8566-709D1EA9D9BC}.Debug-dll|x64.ActiveCfg = Debug|x64
		{B4E47686-8435-4019-8566-709D1EA9D9BC}.Debug-dll|x64.Build.0 = Debug|x64
		{B4E47686-8435-4019-8566-709D1EA9D9BC}.Debug-dll|x86.ActiveCfg = Debug|Win32
		{B4E47686-8435-4019-8566-709D1EA9D9BC}.Debug-dll|x86.Build.0 = Debug|Win32
		{B4E47686-8435-4019-8566-709D1EA9D9BC}.Debug-static|x64.ActiveCfg = Debug|x64
		{B4E47686-8435-4019-8566-709D1EA9D9BC}.Debug-static|x64.Build.0 = Debug|x64
		{B4E47686-8435-4019-8566-709D1EA9D9BC}.Debug-static|x86.ActiveCfg = Debug|Win32
		{B4E47686-8435-4019-8566-709D1EA9D9BC}.Debug-static|x86.Build.0 = Debug|Win32
		{B4E47686-8435-4019-8566-709D1EA9D9BC}.Release|x64.ActiveCfg = Release|x64
		{B4E47686-8435-4019-8566-709D1EA9D9BC}.Release|x64.Build.0 = Release|x64
		{B4E47686-8435-4019-8566-709D1EA9D9BC}.Release|x86.ActiveCfg = Release|Win32
		{B4E47686-8435-4019-8566-709D1EA9D9BC}.Release|x86.Build.0 = Release|Win32
		{B4E47686-8435-4019-8566-709D1EA9D9BC}.Release-dll|x64.ActiveCfg = Release|x64
		{B4E47686-8435-4019-8566-709D1EA9D9BC}.Release-dll|x64.Build.0 = Release|x64
		{B4E47686-8435-4019-8566-709D1EA9D9BC}.Release-dll|x86.ActiveCfg = Release|Win32
		{B4E47686-8435-4019-8566-709D1EA9D9BC}.Release-dll|x86.Build.0 = Release|Win32
		{B4E47686-8435-4019-8566-709D1EA9D9BC}.Release-static|x64.ActiveCfg = Release|x64
		{B4E47686-8435-4019-8566-709D1EA9D9BC}.Release-static|x64.Build.0 = Release|x64
		{B4E47686-8435-4019-8566-709D1EA9D9BC}.Release-static|x86.ActiveCfg = Release|Win32
		{B4E47686-8435-4019-8566-709D1EA9D9BC}.Release-static|x86.Build.0 = Release|Win32
		{ECB14954-8953-4C2A-8E5F-08B688CB180E}.Debug|x64.ActiveCfg = Debug|x64
		{ECB14954-8953-4C2A-8E5F-08B688CB180E}.Debug|x64.Build.0 = Debug|x64
		{ECB14954-8953-4C2A-8E5F-08B688CB180E}.Debug|x86.ActiveCfg = Debug|Win32
		{ECB14954-8953-4C2A-8E5F-08B688CB180E}.Debug|x86.Build.0 = Debug|Win32
		{ECB14954-8953-4C2A-8E5F-08B688CB180E}.Debug-dll|x64.ActiveCfg = Debug|x64
		{ECB14954-8953-4C2A-8E5F-08B688CB180E}.Debug-dll|x64.Build.0 = Debug|x64
		{ECB14954-8953-4C2A-8E5F-08B688CB180E}.Debug-dll|x86.ActiveCfg = Debug|Win32
		{ECB14954-8953-4C2A-8E5F-08B688CB180E}.Debug-dll|x86.Build.0 = Debug|Win32
		{ECB14954-8953-4C2A-8E5F-08B688CB180E}.Debug-static|x64.ActiveCfg = Debug|x64
		{ECB14954-8953-4C2A-8E5F-08B688CB180E}.Debug-static|x64.Build.0 = Debug|x64
		{ECB14954-8953-4C2A-8E5F-08B688CB180E}.Debug-static|x86.ActiveCfg = Debug|Win32
		{ECB14954-8953-4C2A-8E5F-08B688CB180E}.Debug-static|x86.Build.0 = Debug|Win32
		{ECB14954-8953-4C2A-8E5F-08B688CB180E}.Release|x64.ActiveCfg = Release|x64
		{ECB14954-8953-4C2A-8E5F-08B688CB180E}.Release|x64.Build.0 = Release|x64
		{ECB14954-8953-4C2A-8E5F-08B688CB180E}.Release|x86.ActiveCfg = Release|Win32
		{ECB14954-8953-4C2A-8E5F-08B688CB180E}.Release|x86.Build.0 = Release|Win32
		{ECB14954-8953-4C2A-8E5F-08B688CB180E}.Release-dll|x64.ActiveCfg = Release|x64
		{ECB14954-8953-4C2A-8E5F-08B688CB180E}.Release-dll|x64.Build.0 = Release|x64
		{ECB14954-8953-4C2A-8E5F-08B688CB180E}.Release-dll|x86.ActiveCfg = Release|Win32
		{ECB14954-8953-4C2A-8E5F-08B688CB180E}.Release-dll|x86.Build.0 = Release|Win32
		{ECB14954-8953-4C2A-8E5F-08B688CB180E}.Release-static|x64.ActiveCfg = Release|x64
		{ECB14954-8953-4C2A-8E5F-08B688CB180E}.Release-static|x64.Build.0 = Release|x64
		{ECB14954-8953-4C2A-8E5F-08B688CB180E}.Release-static|x86.ActiveCfg = Release|Win32
		{ECB14954-8953-4C2A-8E5F-08B688CB180E}.Release-static|x86.Build.0 = Release|Win32
		{9CFB0342-A9E7-483E-BEE5-A1DE22584C5A}.Debug|x64.ActiveCfg = Debug-static|x64
		{9CFB0342-A9E7-483E-BEE5-A1DE22584C5A}.Debug|x64.Build.0 = Debug-static|x64
		{9CFB0342-A9E7-483E-BEE5-A1DE22584C5A}.Debug|x86.ActiveCfg = Debug-static|Win32
		{9CFB0342-A9E7-483E-BEE5-A1DE22584C5A}.Debug|x86.Build.0 = Debug-static|Win32
		{9CFB0342-A9E7-483E-BEE5-A1DE22584C5A}.Debug-dll|x64.ActiveCfg = Debug-dll|x64
		{9CFB0342-A9E7-483E-BEE5-A1DE22584C5A}.Debug-dll|x64.Build.0 = Debug-dll|x64
		{9CFB0342-A9E7-483E-BEE5-A1DE22584C5A}.Debug-dll|x86.ActiveCfg = Debug-dll|Win32
		{9CFB0342-A9E7-483E-BEE5-A1DE22584C5A}.Debug-dll|x86.Build.0 = Debug-dll|Win32
		{9CFB0342-A9E7-483E-BEE5-A1DE22584C5A}.Debug-static|x64.ActiveCfg = Debug-static|x64
		{9CFB0342-A9E7-483E-BEE5-A1DE22584C5A}.Debug-static|x64.Build.0 = Debug-static|x64
		{9CFB0342-A9E7-483E-BEE5-A1DE22584C5A}.Debug-static|x86.ActiveCfg = Debug-static|Win32
		{9CFB0342-A9E7-483E-BEE5-A1DE22584C5A}.Debug-static|x86.Build.0 = Debug-static|Win32
		{9CFB0342-A9E7-483E-BEE5-A1DE22584C5A}.Release|x64.ActiveCfg = Release-dll|x64
		{9CFB0342-A9E7-483E-BEE5-A1DE22584C5A}.Release|x64.Build.0 = Release-dll|x64
		{9CFB0342-A9E7-483E-BEE5-A1DE22584C5A}.Release|x86.ActiveCfg = Release-dll|Win32
		{9CFB0342-A9E7-483E-BEE5-A1DE22584C5A}.Release|x86.Build.0 = Release-dll|Win32
		{9CFB0342-A9E7-483E-BEE5-A1DE22584C5A}.Release-dll|x64.ActiveCfg = Release-dll|x64
		{9CFB0342-A9E7-483E-BEE5-A1DE22584C5A}.Release-dll|x64.Build.0 = Release-dll|x64
		{9CFB0342-A9E7-483E-BEE5-A1DE22584C5A}.Release-dll|x86.ActiveCfg = Release-dll|Win32
		{9CFB0342-A9E7-483E-BEE5-A1DE22584C5A}.Release-dll|x86.Build.0 = Release-dll|Win32
		{9CFB0342-A9E7-483E-BEE5-A1DE22584C5A}.Release-static|x64.ActiveCfg = Release-static|x64
		{9CFB0342-A9E7-483E-BEE5-A1DE22584C5A}.Release-static|x64.Build.0 = Release-static|x64
		{9CFB0342-A9E7-483E-BEE5-A1DE22584C5A}.Release-static|x86.ActiveCfg = Release-static|Win32
		{9CFB0342-A9E7-483E-BEE5-A1DE22584C5A}.Release-static|x86.Build.0 = Release-static|Win32
	EndGlobalSection
	GlobalSection(SolutionProperties) = preSolution
		HideSolutionNode = FALSE
	EndGlobalSection
	GlobalSection(ExtensibilityGlobals) = postSolution
		SolutionGuid = {EDA30D62-571A-4A39-A0A7-131EF6C5DA28}
	EndGlobalSection
EndGlobal
