<?xml version="1.0" encoding="utf-8"?>
<Project ToolsVersion="4.0" xmlns="http://schemas.microsoft.com/developer/msbuild/2003">
  <ItemGroup>
    <Filter Include="Source Files">
      <UniqueIdentifier>{4FC737F1-C7A5-4376-A066-2A32D752A2FF}</UniqueIdentifier>
      <Extensions>cpp;c;cc;cxx;c++;cppm;ixx;def;odl;idl;hpj;bat;asm;asmx</Extensions>
    </Filter>
    <Filter Include="Header Files">
      <UniqueIdentifier>{93995380-89BD-4b04-88EB-625FBE52EBFB}</UniqueIdentifier>
      <Extensions>h;hh;hpp;hxx;h++;hm;inl;inc;ipp;xsd</Extensions>
    </Filter>
    <Filter Include="Resource Files">
      <UniqueIdentifier>{67DA6AB6-F800-4c08-8B7A-83BB121AAD01}</UniqueIdentifier>
      <Extensions>rc;ico;cur;bmp;dlg;rc2;rct;bin;rgs;gif;jpg;jpeg;jpe;resx;tiff;tif;png;wav;mfcribbon-ms</Extensions>
    </Filter>
    <Filter Include="utils">
      <UniqueIdentifier>{748e2237-5990-454f-b683-25dc0aa4146d}</UniqueIdentifier>
    </Filter>
    <Filter Include="UI">
      <UniqueIdentifier>{b02c60f6-47e0-4814-a8c0-b74cf5ee438e}</UniqueIdentifier>
    </Filter>
  </ItemGroup>
  <ItemGroup>
    <Text Include="Readme.txt">
      <Filter>Source Files</Filter>
    </Text>
  </ItemGroup>
  <ItemGroup>
    <ClCompile Include="utils\Application.cpp">
      <Filter>utils</Filter>
    </ClCompile>
    <ClCompile Include="utils\AudioPlayer.cpp">
      <Filter>utils</Filter>
    </ClCompile>
    <ClCompile Include="utils\base64.cpp">
      <Filter>utils</Filter>
    </ClCompile>
    <ClCompile Include="utils\BasicExcel.cpp">
      <Filter>utils</Filter>
    </ClCompile>
    <ClCompile Include="utils\comm.cpp">
      <Filter>utils</Filter>
    </ClCompile>
    <ClCompile Include="utils\Communication.cpp">
      <Filter>utils</Filter>
    </ClCompile>
    <ClCompile Include="utils\concurrent.cpp">
      <Filter>utils</Filter>
    </ClCompile>
    <ClCompile Include="utils\Control.cpp">
      <Filter>utils</Filter>
    </ClCompile>
    <ClCompile Include="utils\CsvParser.cpp">
      <Filter>utils</Filter>
    </ClCompile>
    <ClCompile Include="utils\Folders.cpp">
      <Filter>utils</Filter>
    </ClCompile>
    <ClCompile Include="utils\Heartbeat.cpp">
      <Filter>utils</Filter>
    </ClCompile>
    <ClCompile Include="utils\Log.cpp">
      <Filter>utils</Filter>
    </ClCompile>
    <ClCompile Include="utils\md5.cpp">
      <Filter>utils</Filter>
    </ClCompile>
    <ClCompile Include="utils\MD5Base.cpp">
      <Filter>utils</Filter>
    </ClCompile>
    <ClCompile Include="utils\Mixer.cpp">
      <Filter>utils</Filter>
    </ClCompile>
    <ClCompile Include="utils\Mutex.cpp">
      <Filter>utils</Filter>
    </ClCompile>
    <ClCompile Include="utils\MyMenu.cpp">
      <Filter>utils</Filter>
    </ClCompile>
    <ClCompile Include="utils\Process.cpp">
      <Filter>utils</Filter>
    </ClCompile>
    <ClCompile Include="utils\Reg.cpp">
      <Filter>utils</Filter>
    </ClCompile>
    <ClCompile Include="utils\Screen.cpp">
      <Filter>utils</Filter>
    </ClCompile>
    <ClCompile Include="utils\Settings.cpp">
      <Filter>utils</Filter>
    </ClCompile>
    <ClCompile Include="utils\SqlData.cpp">
      <Filter>utils</Filter>
    </ClCompile>
    <ClCompile Include="utils\Texts.cpp">
      <Filter>utils</Filter>
    </ClCompile>
    <ClCompile Include="utils\Utils.cpp">
      <Filter>utils</Filter>
    </ClCompile>
    <ClCompile Include="utils\Volume.cpp">
      <Filter>utils</Filter>
    </ClCompile>
    <ClCompile Include="utils\XmlParser.cpp">
      <Filter>utils</Filter>
    </ClCompile>
    <ClCompile Include="utils\zip.cpp">
      <Filter>utils</Filter>
    </ClCompile>
    <ClCompile Include="MainWnd.cpp">
      <Filter>Source Files</Filter>
    </ClCompile>
    <ClCompile Include="TagControl.cpp">
      <Filter>Source Files</Filter>
    </ClCompile>
    <ClCompile Include="WkeDemo.cpp">
      <Filter>Source Files</Filter>
    </ClCompile>
    <ClCompile Include="WkeWebkit.cpp">
      <Filter>Source Files</Filter>
    </ClCompile>
    <ClCompile Include="StdAfx.cpp">
      <Filter>Source Files</Filter>
    </ClCompile>
    <ClCompile Include="UI\DownloadWnd.cpp">
      <Filter>UI</Filter>
    </ClCompile>
    <ClCompile Include="UI\MiniControls.cpp">
      <Filter>UI</Filter>
    </ClCompile>
    <ClCompile Include="UI\MsgWnd.cpp">
      <Filter>UI</Filter>
    </ClCompile>
    <ClCompile Include="utils\Url.cpp">
      <Filter>utils</Filter>
    </ClCompile>
    <ClCompile Include="utils\WebServer.cpp">
      <Filter>utils</Filter>
    </ClCompile>
  </ItemGroup>
  <ItemGroup>
    <ClInclude Include="utils\Application.h">
      <Filter>utils</Filter>
    </ClInclude>
    <ClInclude Include="utils\AudioPlayer.h">
      <Filter>utils</Filter>
    </ClInclude>
    <ClInclude Include="utils\base64.h">
      <Filter>utils</Filter>
    </ClInclude>
    <ClInclude Include="utils\BasicExcel.hpp">
      <Filter>utils</Filter>
    </ClInclude>
    <ClInclude Include="utils\comm.h">
      <Filter>utils</Filter>
    </ClInclude>
    <ClInclude Include="utils\Communication.h">
      <Filter>utils</Filter>
    </ClInclude>
    <ClInclude Include="utils\concurrent.h">
      <Filter>utils</Filter>
    </ClInclude>
    <ClInclude Include="utils\Control.h">
      <Filter>utils</Filter>
    </ClInclude>
    <ClInclude Include="utils\CsvParser.h">
      <Filter>utils</Filter>
    </ClInclude>
    <ClInclude Include="utils\Folders.h">
      <Filter>utils</Filter>
    </ClInclude>
    <ClInclude Include="utils\Heartbeat.h">
      <Filter>utils</Filter>
    </ClInclude>
    <ClInclude Include="utils\Log.h">
      <Filter>utils</Filter>
    </ClInclude>
    <ClInclude Include="utils\md5.h">
      <Filter>utils</Filter>
    </ClInclude>
    <ClInclude Include="utils\MD5Base.h">
      <Filter>utils</Filter>
    </ClInclude>
    <ClInclude Include="utils\Mixer.h">
      <Filter>utils</Filter>
    </ClInclude>
    <ClInclude Include="utils\Mutex.h">
      <Filter>utils</Filter>
    </ClInclude>
    <ClInclude Include="utils\MyMenu.h">
      <Filter>utils</Filter>
    </ClInclude>
    <ClInclude Include="utils\Process.h">
      <Filter>utils</Filter>
    </ClInclude>
    <ClInclude Include="utils\Reg.h">
      <Filter>utils</Filter>
    </ClInclude>
    <ClInclude Include="utils\Screen.h">
      <Filter>utils</Filter>
    </ClInclude>
    <ClInclude Include="utils\Settings.h">
      <Filter>utils</Filter>
    </ClInclude>
    <ClInclude Include="utils\SqlData.h">
      <Filter>utils</Filter>
    </ClInclude>
    <ClInclude Include="utils\Texts.h">
      <Filter>utils</Filter>
    </ClInclude>
    <ClInclude Include="utils\Utils.h">
      <Filter>utils</Filter>
    </ClInclude>
    <ClInclude Include="utils\Volume.h">
      <Filter>utils</Filter>
    </ClInclude>
    <ClInclude Include="utils\XmlParser.h">
      <Filter>utils</Filter>
    </ClInclude>
    <ClInclude Include="utils\zip.h">
      <Filter>utils</Filter>
    </ClInclude>
    <ClInclude Include="MainWnd.h">
      <Filter>Header Files</Filter>
    </ClInclude>
    <ClInclude Include="TagControl.h">
      <Filter>Header Files</Filter>
    </ClInclude>
    <ClInclude Include="TroyControls.h">
      <Filter>Header Files</Filter>
    </ClInclude>
    <ClInclude Include="WkeWebkit.h">
      <Filter>Header Files</Filter>
    </ClInclude>
    <ClInclude Include="resource.h">
      <Filter>Header Files</Filter>
    </ClInclude>
    <ClInclude Include="StdAfx.h">
      <Filter>Header Files</Filter>
    </ClInclude>
    <ClInclude Include="targetver.h">
      <Filter>Header Files</Filter>
    </ClInclude>
    <ClInclude Include="UI\DownloadWnd.h">
      <Filter>UI</Filter>
    </ClInclude>
    <ClInclude Include="UI\MiniControls.h">
      <Filter>UI</Filter>
    </ClInclude>
    <ClInclude Include="UI\MsgWnd.h">
      <Filter>UI</Filter>
    </ClInclude>
    <ClInclude Include="utils\Url.h">
      <Filter>utils</Filter>
    </ClInclude>
    <ClInclude Include="utils\WebServer.h">
      <Filter>utils</Filter>
    </ClInclude>
  </ItemGroup>
  <ItemGroup>
    <ResourceCompile Include="MiniFramework.rc">
      <Filter>Resource Files</Filter>
    </ResourceCompile>
  </ItemGroup>
</Project>